
Microsoft Visual Studio Solution File, Format Version 12.00
# Visual Studio 2012
Project("{FAE04EC0-301F-11D3-BF4B-00C04F79EFBC}") = "Fragment_CustomView_Venio", "Fragment_CustomView_Venio\Fragment_CustomView_Venio.csproj", "{AF2FE04A-F0C8-46B7-B39A-68E4DA842CA7}"
EndProject
Global
	GlobalSection(SolutionConfigurationPlatforms) = preSolution
		Debug|Any CPU = Debug|Any CPU
		Release|Any CPU = Release|Any CPU
	EndGlobalSection
	GlobalSection(ProjectConfigurationPlatforms) = postSolution
		{AF2FE04A-F0C8-46B7-B39A-68E4DA842CA7}.Debug|Any CPU.ActiveCfg = Debug|Any CPU
		{AF2FE04A-F0C8-46B7-B39A-68E4DA842CA7}.Debug|Any CPU.Build.0 = Debug|Any CPU
		{AF2FE04A-F0C8-46B7-B39A-68E4DA842CA7}.Release|Any CPU.ActiveCfg = Release|Any CPU
		{AF2FE04A-F0C8-46B7-B39A-68E4DA842CA7}.Release|Any CPU.Build.0 = Release|Any CPU
	EndGlobalSection
EndGlobal
